// !$*UTF8*$!
{
	archiveVersion = 1;
	classes = {
	};
	objectVersion = 50;
	objects = {

/* Begin PBXBuildFile section */
		2F43A97720C832B900DB4610 /* AppDelegate.swift in Sources */ = {isa = PBXBuildFile; fileRef = 2F43A97620C832B900DB4610 /* AppDelegate.swift */; };
		2F43A97920C832B900DB4610 /* ViewController.swift in Sources */ = {isa = PBXBuildFile; fileRef = 2F43A97820C832B900DB4610 /* ViewController.swift */; };
		2F43A97C20C832B900DB4610 /* Main.storyboard in Resources */ = {isa = PBXBuildFile; fileRef = 2F43A97A20C832B900DB4610 /* Main.storyboard */; };
		2F43A97E20C832BB00DB4610 /* Assets.xcassets in Resources */ = {isa = PBXBuildFile; fileRef = 2F43A97D20C832BB00DB4610 /* Assets.xcassets */; };
		2F43A98120C832BB00DB4610 /* LaunchScreen.storyboard in Resources */ = {isa = PBXBuildFile; fileRef = 2F43A97F20C832BB00DB4610 /* LaunchScreen.storyboard */; };
		2F43A98920C841EA00DB4610 /* GrowingTextView.swift in Sources */ = {isa = PBXBuildFile; fileRef = 2F43A98820C841EA00DB4610 /* GrowingTextView.swift */; };
/* End PBXBuildFile section */

/* Begin PBXFileReference section */
		2F43A97320C832B900DB4610 /* DynamicTextViewHeight.app */ = {isa = PBXFileReference; explicitFileType = wrapper.application; includeInIndex = 0; path = DynamicTextViewHeight.app; sourceTree = BUILT_PRODUCTS_DIR; };
		2F43A97620C832B900DB4610 /* AppDelegate.swift */ = {isa = PBXFileReference; lastKnownFileType = sourcecode.swift; path = AppDelegate.swift; sourceTree = "<group>"; };
		2F43A97820C832B900DB4610 /* ViewController.swift */ = {isa = PBXFileReference; lastKnownFileType = sourcecode.swift; path = ViewController.swift; sourceTree = "<group>"; };
		2F43A97B20C832B900DB4610 /* Base */ = {isa = PBXFileReference; lastKnownFileType = file.storyboard; name = Base; path = Base.lproj/Main.storyboard; sourceTree = "<group>"; };
		2F43A97D20C832BB00DB4610 /* Assets.xcassets */ = {isa = PBXFileReference; lastKnownFileType = folder.assetcatalog; path = Assets.xcassets; sourceTree = "<group>"; };
		2F43A98020C832BB00DB4610 /* Base */ = {isa = PBXFileReference; lastKnownFileType = file.storyboard; name = Base; path = Base.lproj/LaunchScreen.storyboard; sourceTree = "<group>"; };
		2F43A98220C832BB00DB4610 /* Info.plist */ = {isa = PBXFileReference; lastKnownFileType = text.plist.xml; path = Info.plist; sourceTree = "<group>"; };
		2F43A98820C841EA00DB4610 /* GrowingTextView.swift */ = {isa = PBXFileReference; lastKnownFileType = sourcecode.swift; path = GrowingTextView.swift; sourceTree = "<group>"; };
/* End PBXFileReference section */

/* Begin PBXFrameworksBuildPhase section */
		2F43A97020C832B900DB4610 /* Frameworks */ = {
			isa = PBXFrameworksBuildPhase;
			buildActionMask = 2147483647;
			files = (
			);
			runOnlyForDeploymentPostprocessing = 0;
		};
/* End PBXFrameworksBuildPhase section */

/* Begin PBXGroup section */
		2F43A96A20C832B900DB4610 = {
			isa = PBXGroup;
			children = (
				2F43A97520C832B900DB4610 /* DynamicTextViewHeight */,
				2F43A97420C832B900DB4610 /* Products */,
			);
			sourceTree = "<group>";
		};
		2F43A97420C832B900DB4610 /* Products */ = {
			isa = PBXGroup;
			children = (
				2F43A97320C832B900DB4610 /* DynamicTextViewHeight.app */,
			);
			name = Products;
			sourceTree = "<group>";
		};
		2F43A97520C832B900DB4610 /* DynamicTextViewHeight */ = {
			isa = PBXGroup;
			children = (
				2F43A97620C832B900DB4610 /* AppDelegate.swift */,
				2F43A98820C841EA00DB4610 /* GrowingTextView.swift */,
				2F43A97820C832B900DB4610 /* ViewController.swift */,
				2F43A97A20C832B900DB4610 /* Main.storyboard */,
				2F43A97D20C832BB00DB4610 /* Assets.xcassets */,
				2F43A97F20C832BB00DB4610 /* LaunchScreen.storyboard */,
				2F43A98220C832BB00DB4610 /* Info.plist */,
			);
			path = DynamicTextViewHeight;
			sourceTree = "<group>";
		};
/* End PBXGroup section */

/* Begin PBXNativeTarget section */
		2F43A97220C832B900DB4610 /* DynamicTextViewHeight */ = {
			isa = PBXNativeTarget;
			buildConfigurationList = 2F43A98520C832BB00DB4610 /* Build configuration list for PBXNativeTarget "DynamicTextViewHeight" */;
			buildPhases = (
				2F43A96F20C832B900DB4610 /* Sources */,
				2F43A97020C832B900DB4610 /* Frameworks */,
				2F43A97120C832B900DB4610 /* Resources */,
			);
			buildRules = (
			);
			dependencies = (
			);
			name = DynamicTextViewHeight;
			productName = DynamicTextViewHeight;
			productReference = 2F43A97320C832B900DB4610 /* DynamicTextViewHeight.app */;
			productType = "com.apple.product-type.application";
		};
/* End PBXNativeTarget section */

/* Begin PBXProject section */
		2F43A96B20C832B900DB4610 /* Project object */ = {
			isa = PBXProject;
			attributes = {
				LastSwiftUpdateCheck = 0930;
				LastUpgradeCheck = 0930;
				ORGANIZATIONNAME = "Rokon Uddin";
				TargetAttributes = {
					2F43A97220C832B900DB4610 = {
						CreatedOnToolsVersion = 9.3;
					};
				};
			};
			buildConfigurationList = 2F43A96E20C832B900DB4610 /* Build configuration list for PBXProject "DynamicTextViewHeight" */;
			compatibilityVersion = "Xcode 9.3";
			developmentRegion = en;
			hasScannedForEncodings = 0;
			knownRegions = (
				en,
				Base,
			);
			mainGroup = 2F43A96A20C832B900DB4610;
			productRefGroup = 2F43A97420C832B900DB4610 /* Products */;
			projectDirPath = "";
			projectRoot = "";
			targets = (
				2F43A97220C832B900DB4610 /* DynamicTextViewHeight */,
			);
		};
/* End PBXProject section */

/* Begin PBXResourcesBuildPhase section */
		2F43A97120C832B900DB4610 /* Resources */ = {
			isa = PBXResourcesBuildPhase;
			buildActionMask = 2147483647;
			files = (
				2F43A98120C832BB00DB4610 /* LaunchScreen.storyboard in Resources */,
				2F43A97E20C832BB00DB4610 /* Assets.xcassets in Resources */,
				2F43A97C20C832B900DB4610 /* Main.storyboard in Resources */,
			);
			runOnlyForDeploymentPostprocessing = 0;
		};
/* End PBXResourcesBuildPhase section */

/* Begin PBXSourcesBuildPhase section */
		2F43A96F20C832B900DB4610 /* Sources */ = {
			isa = PBXSourcesBuildPhase;
			buildActionMask = 2147483647;
			files = (
				2F43A98920C841EA00DB4610 /* GrowingTextView.swift in Sources */,
				2F43A97920C832B900DB4610 /* ViewController.swift in Sources */,
				2F43A97720C832B900DB4610 /* AppDelegate.swift in Sources */,
			);
			runOnlyForDeploymentPostprocessing = 0;
		};
/* End PBXSourcesBuildPhase section */

/* Begin PBXVariantGroup section */
		2F43A97A20C832B900DB4610 /* Main.storyboard */ = {
			isa = PBXVariantGroup;
			children = (
				2F43A97B20C832B900DB4610 /* Base */,
			);
			name = Main.storyboard;
			sourceTree = "<group>";
		};
		2F43A97F20C832BB00DB4610 /* LaunchScreen.storyboard */ = {
			isa = PBXVariantGroup;
			children = (
				2F43A98020C832BB00DB4610 /* Base */,
			);
			name = LaunchScreen.storyboard;
			sourceTree = "<group>";
		};
/* End PBXVariantGroup section */

/* Begin XCBuildConfiguration section */
		2F43A98320C832BB00DB4610 /* Debug */ = {
			isa = XCBuildConfiguration;
			buildSettings = {
				ALWAYS_SEARCH_USER_PATHS = NO;
				CLANG_ANALYZER_NONNULL = YES;
				CLANG_ANALYZER_NUMBER_OBJECT_CONVERSION = YES_AGGRESSIVE;
				CLANG_CXX_LANGUAGE_STANDARD = "gnu++14";
				CLANG_CXX_LIBRARY = "libc++";
				CLANG_ENABLE_MODULES = YES;
				CLANG_ENABLE_OBJC_ARC = YES;
				CLANG_ENABLE_OBJC_WEAK = YES;
				CLANG_WARN_BLOCK_CAPTURE_AUTORELEASING = YES;
				CLANG_WARN_BOOL_CONVERSION = YES;
				CLANG_WARN_COMMA = YES;
				CLANG_WARN_CONSTANT_CONVERSION = YES;
				CLANG_WARN_DEPRECATED_OBJC_IMPLEMENTATIONS = YES;
				CLANG_WARN_DIRECT_OBJC_ISA_USAGE = YES_ERROR;
				CLANG_WARN_DOCUMENTATION_COMMENTS = YES;
				CLANG_WARN_EMPTY_BODY = YES;
				CLANG_WARN_ENUM_CONVERSION = YES;
				CLANG_WARN_INFINITE_RECURSION = YES;
				CLANG_WARN_INT_CONVERSION = YES;
				CLANG_WARN_NON_LITERAL_NULL_CONVERSION = YES;
				CLANG_WARN_OBJC_IMPLICIT_RETAIN_SELF = YES;
				CLANG_WARN_OBJC_LITERAL_CONVERSION = YES;
				CLANG_WARN_OBJC_ROOT_CLASS = YES_ERROR;
				CLANG_WARN_RANGE_LOOP_ANALYSIS = YES;
				CLANG_WARN_STRICT_PROTOTYPES = YES;
				CLANG_WARN_SUSPICIOUS_MOVE = YES;
				CLANG_WARN_UNGUARDED_AVAILABILITY = YES_AGGRESSIVE;
				CLANG_WARN_UNREACHABLE_CODE = YES;
				CLANG_WARN__DUPLICATE_METHOD_MATCH = YES;
				CODE_SIGN_IDENTITY = "iPhone Developer";
				COPY_PHASE_STRIP = NO;
				DEBUG_INFORMATION_FORMAT = dwarf;
				ENABLE_STRICT_OBJC_MSGSEND = YES;
				ENABLE_TESTABILITY = YES;
				GCC_C_LANGUAGE_STANDARD = gnu11;
				GCC_DYNAMIC_NO_PIC = NO;
				GCC_NO_COMMON_BLOCKS = YES;
				GCC_OPTIMIZATION_LEVEL = 0;
				GCC_PREPROCESSOR_DEFINITIONS = (
					"DEBUG=1",
					"$(inherited)",
				);
				GCC_WARN_64_TO_32_BIT_CONVERSION = YES;
				GCC_WARN_ABOUT_RETURN_TYPE = YES_ERROR;
				GCC_WARN_UNDECLARED_SELECTOR = YES;
				GCC_WARN_UNINITIALIZED_AUTOS = YES_AGGRESSIVE;
				GCC_WARN_UNUSED_FUNCTION = YES;
				GCC_WARN_UNUSED_VARIABLE = YES;
				IPHONEOS_DEPLOYMENT_TARGET = 11.3;
				MTL_ENABLE_DEBUG_INFO = YES;
				ONLY_ACTIVE_ARCH = YES;
				SDKROOT = iphoneos;
				SWIFT_ACTIVE_COMPILATION_CONDITIONS = DEBUG;
				SWIFT_OPTIMIZATION_LEVEL = "-Onone";
			};
			name = Debug;
		};
		2F43A98420C832BB00DB4610 /* Release */ = {
			isa = XCBuildConfiguration;
			buildSettings = {
				ALWAYS_SEARCH_USER_PATHS = NO;
				CLANG_ANALYZER_NONNULL = YES;
				CLANG_ANALYZER_NUMBER_OBJECT_CONVERSION = YES_AGGRESSIVE;
				CLANG_CXX_LANGUAGE_STANDARD = "gnu++14";
				CLANG_CXX_LIBRARY = "libc++";
				CLANG_ENABLE_MODULES = YES;
				CLANG_ENABLE_OBJC_ARC = YES;
				CLANG_ENABLE_OBJC_WEAK = YES;
				CLANG_WARN_BLOCK_CAPTURE_AUTORELEASING = YES;
				CLANG_WARN_BOOL_CONVERSION = YES;
				CLANG_WARN_COMMA = YES;
				CLANG_WARN_CONSTANT_CONVERSION = YES;
				CLANG_WARN_DEPRECATED_OBJC_IMPLEMENTATIONS = YES;
				CLANG_WARN_DIRECT_OBJC_ISA_USAGE = YES_ERROR;
				CLANG_WARN_DOCUMENTATION_COMMENTS = YES;
				CLANG_WARN_EMPTY_BODY = YES;
				CLANG_WARN_ENUM_CONVERSION = YES;
				CLANG_WARN_INFINITE_RECURSION = YES;
				CLANG_WARN_INT_CONVERSION = YES;
				CLANG_WARN_NON_LITERAL_NULL_CONVERSION = YES;
				CLANG_WARN_OBJC_IMPLICIT_RETAIN_SELF = YES;
				CLANG_WARN_OBJC_LITERAL_CONVERSION = YES;
				CLANG_WARN_OBJC_ROOT_CLASS = YES_ERROR;
				CLANG_WARN_RANGE_LOOP_ANALYSIS = YES;
				CLANG_WARN_STRICT_PROTOTYPES = YES;
				CLANG_WARN_SUSPICIOUS_MOVE = YES;
				CLANG_WARN_UNGUARDED_AVAILABILITY = YES_AGGRESSIVE;
				CLANG_WARN_UNREACHABLE_CODE = YES;
				CLANG_WARN__DUPLICATE_METHOD_MATCH = YES;
				CODE_SIGN_IDENTITY = "iPhone Developer";
				COPY_PHASE_STRIP = NO;
				DEBUG_INFORMATION_FORMAT = "dwarf-with-dsym";
				ENABLE_NS_ASSERTIONS = NO;
				ENABLE_STRICT_OBJC_MSGSEND = YES;
				GCC_C_LANGUAGE_STANDARD = gnu11;
				GCC_NO_COMMON_BLOCKS = YES;
				GCC_WARN_64_TO_32_BIT_CONVERSION = YES;
				GCC_WARN_ABOUT_RETURN_TYPE = YES_ERROR;
				GCC_WARN_UNDECLARED_SELECTOR = YES;
				GCC_WARN_UNINITIALIZED_AUTOS = YES_AGGRESSIVE;
				GCC_WARN_UNUSED_FUNCTION = YES;
				GCC_WARN_UNUSED_VARIABLE = YES;
				IPHONEOS_DEPLOYMENT_TARGET = 11.3;
				MTL_ENABLE_DEBUG_INFO = NO;
				SDKROOT = iphoneos;
				SWIFT_COMPILATION_MODE = wholemodule;
				SWIFT_OPTIMIZATION_LEVEL = "-O";
				VALIDATE_PRODUCT = YES;
			};
			name = Release;
		};
		2F43A98620C832BB00DB4610 /* Debug */ = {
			isa = XCBuildConfiguration;
			buildSettings = {
				ASSETCATALOG_COMPILER_APPICON_NAME = AppIcon;
				CODE_SIGN_STYLE = Automatic;
				DEVELOPMENT_TEAM = GJW24JA7KV;
				INFOPLIST_FILE = DynamicTextViewHeight/Info.plist;
				LD_RUNPATH_SEARCH_PATHS = (
					"$(inherited)",
					"@executable_path/Frameworks",
				);
				PRODUCT_BUNDLE_IDENTIFIER = bd.rokon.uddin.DynamicTextViewHeight;
				PRODUCT_NAME = "$(TARGET_NAME)";
				SWIFT_VERSION = 4.0;
				TARGETED_DEVICE_FAMILY = "1,2";
			};
			name = Debug;
		};
		2F43A98720C832BB00DB4610 /* Release */ = {
			isa = XCBuildConfiguration;
			buildSettings = {
				ASSETCATALOG_COMPILER_APPICON_NAME = AppIcon;
				CODE_SIGN_STYLE = Automatic;
				DEVELOPMENT_TEAM = GJW24JA7KV;
				INFOPLIST_FILE = DynamicTextViewHeight/Info.plist;
				LD_RUNPATH_SEARCH_PATHS = (
					"$(inherited)",
					"@executable_path/Frameworks",
				);
				PRODUCT_BUNDLE_IDENTIFIER = bd.rokon.uddin.DynamicTextViewHeight;
				PRODUCT_NAME = "$(TARGET_NAME)";
				SWIFT_VERSION = 4.0;
				TARGETED_DEVICE_FAMILY = "1,2";
			};
			name = Release;
		};
/* End XCBuildConfiguration section */

/* Begin XCConfigurationList section */
		2F43A96E20C832B900DB4610 /* Build configuration list for PBXProject "DynamicTextViewHeight" */ = {
			isa = XCConfigurationList;
			buildConfigurations = (
				2F43A98320C832BB00DB4610 /* Debug */,
				2F43A98420C832BB00DB4610 /* Release */,
			);
			defaultConfigurationIsVisible = 0;
			defaultConfigurationName = Release;
		};
		2F43A98520C832BB00DB4610 /* Build configuration list for PBXNativeTarget "DynamicTextViewHeight" */ = {
			isa = XCConfigurationList;
			buildConfigurations = (
				2F43A98620C832BB00DB4610 /* Debug */,
				2F43A98720C832BB00DB4610 /* Release */,
			);
			defaultConfigurationIsVisible = 0;
			defaultConfigurationName = Release;
		};
/* End XCConfigurationList section */
	};
	rootObject = 2F43A96B20C832B900DB4610 /* Project object */;
}
